// !$*UTF8*$!
{
	archiveVersion = 1;
	classes = {
	};
	objectVersion = 46;
	objects = {

/* Begin PBXBuildFile section */
		80AFE4D3188938400037353B /* Foundation.framework in Frameworks */ = {isa = PBXBuildFile; fileRef = 80AFE4D2188938400037353B /* Foundation.framework */; };
		80AFE4D5188938400037353B /* CoreGraphics.framework in Frameworks */ = {isa = PBXBuildFile; fileRef = 80AFE4D4188938400037353B /* CoreGraphics.framework */; };
		80AFE4D7188938400037353B /* UIKit.framework in Frameworks */ = {isa = PBXBuildFile; fileRef = 80AFE4D6188938400037353B /* UIKit.framework */; };
		80AFE4DD188938400037353B /* InfoPlist.strings in Resources */ = {isa = PBXBuildFile; fileRef = 80AFE4DB188938400037353B /* InfoPlist.strings */; };
		80AFE4DF188938400037353B /* main.m in Sources */ = {isa = PBXBuildFile; fileRef = 80AFE4DE188938400037353B /* main.m */; };
		80AFE4E3188938400037353B /* lbAppDelegate.m in Sources */ = {isa = PBXBuildFile; fileRef = 80AFE4E2188938400037353B /* lbAppDelegate.m */; };
		80AFE4E5188938400037353B /* Images.xcassets in Resources */ = {isa = PBXBuildFile; fileRef = 80AFE4E4188938400037353B /* Images.xcassets */; };
		80AFE4EC188938400037353B /* XCTest.framework in Frameworks */ = {isa = PBXBuildFile; fileRef = 80AFE4EB188938400037353B /* XCTest.framework */; };
		80AFE4ED188938400037353B /* Foundation.framework in Frameworks */ = {isa = PBXBuildFile; fileRef = 80AFE4D2188938400037353B /* Foundation.framework */; };
		80AFE4EE188938400037353B /* UIKit.framework in Frameworks */ = {isa = PBXBuildFile; fileRef = 80AFE4D6188938400037353B /* UIKit.framework */; };
		80AFE4F6188938400037353B /* InfoPlist.strings in Resources */ = {isa = PBXBuildFile; fileRef = 80AFE4F4188938400037353B /* InfoPlist.strings */; };
		80AFE4F8188938400037353B /* wangyiNesTests.m in Sources */ = {isa = PBXBuildFile; fileRef = 80AFE4F7188938400037353B /* wangyiNesTests.m */; };
/* End PBXBuildFile section */

/* Begin PBXContainerItemProxy section */
		80AFE4EF188938400037353B /* PBXContainerItemProxy */ = {
			isa = PBXContainerItemProxy;
			containerPortal = 80AFE4C7188938400037353B /* Project object */;
			proxyType = 1;
			remoteGlobalIDString = 80AFE4CE188938400037353B;
			remoteInfo = wangyiNes;
		};
/* End PBXContainerItemProxy section */

/* Begin PBXFileReference section */
		80AFE4CF188938400037353B /* wangyiNes.app */ = {isa = PBXFileReference; explicitFileType = wrapper.application; includeInIndex = 0; path = wangyiNes.app; sourceTree = BUILT_PRODUCTS_DIR; };
		80AFE4D2188938400037353B /* Foundation.framework */ = {isa = PBXFileReference; lastKnownFileType = wrapper.framework; name = Foundation.framework; path = System/Library/Frameworks/Foundation.framework; sourceTree = SDKROOT; };
		80AFE4D4188938400037353B /* CoreGraphics.framework */ = {isa = PBXFileReference; lastKnownFileType = wrapper.framework; name = CoreGraphics.framework; path = System/Library/Frameworks/CoreGraphics.framework; sourceTree = SDKROOT; };
		80AFE4D6188938400037353B /* UIKit.framework */ = {isa = PBXFileReference; lastKnownFileType = wrapper.framework; name = UIKit.framework; path = System/Library/Frameworks/UIKit.framework; sourceTree = SDKROOT; };
		80AFE4DA188938400037353B /* wangyiNes-Info.plist */ = {isa = PBXFileReference; lastKnownFileType = text.plist.xml; path = "wangyiNes-Info.plist"; sourceTree = "<group>"; };
		80AFE4DC188938400037353B /* en */ = {isa = PBXFileReference; lastKnownFileType = text.plist.strings; name = en; path = en.lproj/InfoPlist.strings; sourceTree = "<group>"; };
		80AFE4DE188938400037353B /* main.m */ = {isa = PBXFileReference; lastKnownFileType = sourcecode.c.objc; path = main.m; sourceTree = "<group>"; };
		80AFE4E0188938400037353B /* wangyiNes-Prefix.pch */ = {isa = PBXFileReference; lastKnownFileType = sourcecode.c.h; path = "wangyiNes-Prefix.pch"; sourceTree = "<group>"; };
		80AFE4E1188938400037353B /* lbAppDelegate.h */ = {isa = PBXFileReference; lastKnownFileType = sourcecode.c.h; path = lbAppDelegate.h; sourceTree = "<group>"; };
		80AFE4E2188938400037353B /* lbAppDelegate.m */ = {isa = PBXFileReference; lastKnownFileType = sourcecode.c.objc; path = lbAppDelegate.m; sourceTree = "<group>"; };
		80AFE4E4188938400037353B /* Images.xcassets */ = {isa = PBXFileReference; lastKnownFileType = folder.assetcatalog; path = Images.xcassets; sourceTree = "<group>"; };
		80AFE4EA188938400037353B /* wangyiNesTests.xctest */ = {isa = PBXFileReference; explicitFileType = wrapper.cfbundle; includeInIndex = 0; path = wangyiNesTests.xctest; sourceTree = BUILT_PRODUCTS_DIR; };
		80AFE4EB188938400037353B /* XCTest.framework */ = {isa = PBXFileReference; lastKnownFileType = wrapper.framework; name = XCTest.framework; path = Library/Frameworks/XCTest.framework; sourceTree = DEVELOPER_DIR; };
		80AFE4F3188938400037353B /* wangyiNesTests-Info.plist */ = {isa = PBXFileReference; lastKnownFileType = text.plist.xml; path = "wangyiNesTests-Info.plist"; sourceTree = "<group>"; };
		80AFE4F5188938400037353B /* en */ = {isa = PBXFileReference; lastKnownFileType = text.plist.strings; name = en; path = en.lproj/InfoPlist.strings; sourceTree = "<group>"; };
		80AFE4F7188938400037353B /* wangyiNesTests.m */ = {isa = PBXFileReference; lastKnownFileType = sourcecode.c.objc; path = wangyiNesTests.m; sourceTree = "<group>"; };
/* End PBXFileReference section */

/* Begin PBXFrameworksBuildPhase section */
		80AFE4CC188938400037353B /* Frameworks */ = {
			isa = PBXFrameworksBuildPhase;
			buildActionMask = 2147483647;
			files = (
				80AFE4D5188938400037353B /* CoreGraphics.framework in Frameworks */,
				80AFE4D7188938400037353B /* UIKit.framework in Frameworks */,
				80AFE4D3188938400037353B /* Foundation.framework in Frameworks */,
			);
			runOnlyForDeploymentPostprocessing = 0;
		};
		80AFE4E7188938400037353B /* Frameworks */ = {
			isa = PBXFrameworksBuildPhase;
			buildActionMask = 2147483647;
			files = (
				80AFE4EC188938400037353B /* XCTest.framework in Frameworks */,
				80AFE4EE188938400037353B /* UIKit.framework in Frameworks */,
				80AFE4ED188938400037353B /* Foundation.framework in Frameworks */,
			);
			runOnlyForDeploymentPostprocessing = 0;
		};
/* End PBXFrameworksBuildPhase section */

/* Begin PBXGroup section */
		80AFE4C6188938400037353B = {
			isa = PBXGroup;
			children = (
				80AFE4D8188938400037353B /* wangyiNes */,
				80AFE4F1188938400037353B /* wangyiNesTests */,
				80AFE4D1188938400037353B /* Frameworks */,
				80AFE4D0188938400037353B /* Products */,
			);
			sourceTree = "<group>";
		};
		80AFE4D0188938400037353B /* Products */ = {
			isa = PBXGroup;
			children = (
				80AFE4CF188938400037353B /* wangyiNes.app */,
				80AFE4EA188938400037353B /* wangyiNesTests.xctest */,
			);
			name = Products;
			sourceTree = "<group>";
		};
		80AFE4D1188938400037353B /* Frameworks */ = {
			isa = PBXGroup;
			children = (
				80AFE4D2188938400037353B /* Foundation.framework */,
				80AFE4D4188938400037353B /* CoreGraphics.framework */,
				80AFE4D6188938400037353B /* UIKit.framework */,
				80AFE4EB188938400037353B /* XCTest.framework */,
			);
			name = Frameworks;
			sourceTree = "<group>";
		};
		80AFE4D8188938400037353B /* wangyiNes */ = {
			isa = PBXGroup;
			children = (
				80AFE4E1188938400037353B /* lbAppDelegate.h */,
				80AFE4E2188938400037353B /* lbAppDelegate.m */,
				80AFE4E4188938400037353B /* Images.xcassets */,
				80AFE4D9188938400037353B /* Supporting Files */,
			);
			path = wangyiNes;
			sourceTree = "<group>";
		};
		80AFE4D9188938400037353B /* Supporting Files */ = {
			isa = PBXGroup;
			children = (
				80AFE4DA188938400037353B /* wangyiNes-Info.plist */,
				80AFE4DB188938400037353B /* InfoPlist.strings */,
				80AFE4DE188938400037353B /* main.m */,
				80AFE4E0188938400037353B /* wangyiNes-Prefix.pch */,
			);
			name = "Supporting Files";
			sourceTree = "<group>";
		};
		80AFE4F1188938400037353B /* wangyiNesTests */ = {
			isa = PBXGroup;
			children = (
				80AFE4F7188938400037353B /* wangyiNesTests.m */,
				80AFE4F2188938400037353B /* Supporting Files */,
			);
			path = wangyiNesTests;
			sourceTree = "<group>";
		};
		80AFE4F2188938400037353B /* Supporting Files */ = {
			isa = PBXGroup;
			children = (
				80AFE4F3188938400037353B /* wangyiNesTests-Info.plist */,
				80AFE4F4188938400037353B /* InfoPlist.strings */,
			);
			name = "Supporting Files";
			sourceTree = "<group>";
		};
/* End PBXGroup section */

/* Begin PBXNativeTarget section */
		80AFE4CE188938400037353B /* wangyiNes */ = {
			isa = PBXNativeTarget;
			buildConfigurationList = 80AFE4FB188938400037353B /* Build configuration list for PBXNativeTarget "wangyiNes" */;
			buildPhases = (
				80AFE4CB188938400037353B /* Sources */,
				80AFE4CC188938400037353B /* Frameworks */,
				80AFE4CD188938400037353B /* Resources */,
			);
			buildRules = (
			);
			dependencies = (
			);
			name = wangyiNes;
			productName = wangyiNes;
			productReference = 80AFE4CF188938400037353B /* wangyiNes.app */;
			productType = "com.apple.product-type.application";
		};
		80AFE4E9188938400037353B /* wangyiNesTests */ = {
			isa = PBXNativeTarget;
			buildConfigurationList = 80AFE4FE188938400037353B /* Build configuration list for PBXNativeTarget "wangyiNesTests" */;
			buildPhases = (
				80AFE4E6188938400037353B /* Sources */,
				80AFE4E7188938400037353B /* Frameworks */,
				80AFE4E8188938400037353B /* Resources */,
			);
			buildRules = (
			);
			dependencies = (
				80AFE4F0188938400037353B /* PBXTargetDependency */,
			);
			name = wangyiNesTests;
			productName = wangyiNesTests;
			productReference = 80AFE4EA188938400037353B /* wangyiNesTests.xctest */;
			productType = "com.apple.product-type.bundle.unit-test";
		};
/* End PBXNativeTarget section */

/* Begin PBXProject section */
		80AFE4C7188938400037353B /* Project object */ = {
			isa = PBXProject;
			attributes = {
				CLASSPREFIX = lb;
				LastUpgradeCheck = 0500;
				ORGANIZATIONNAME = lvpan;
				TargetAttributes = {
					80AFE4E9188938400037353B = {
						TestTargetID = 80AFE4CE188938400037353B;
					};
				};
			};
			buildConfigurationList = 80AFE4CA188938400037353B /* Build configuration list for PBXProject "wangyiNes" */;
			compatibilityVersion = "Xcode 3.2";
			developmentRegion = English;
			hasScannedForEncodings = 0;
			knownRegions = (
				en,
			);
			mainGroup = 80AFE4C6188938400037353B;
			productRefGroup = 80AFE4D0188938400037353B /* Products */;
			projectDirPath = "";
			projectRoot = "";
			targets = (
				80AFE4CE188938400037353B /* wangyiNes */,
				80AFE4E9188938400037353B /* wangyiNesTests */,
			);
		};
/* End PBXProject section */

/* Begin PBXResourcesBuildPhase section */
		80AFE4CD188938400037353B /* Resources */ = {
			isa = PBXResourcesBuildPhase;
			buildActionMask = 2147483647;
			files = (
				80AFE4DD188938400037353B /* InfoPlist.strings in Resources */,
				80AFE4E5188938400037353B /* Images.xcassets in Resources */,
			);
			runOnlyForDeploymentPostprocessing = 0;
		};
		80AFE4E8188938400037353B /* Resources */ = {
			isa = PBXResourcesBuildPhase;
			buildActionMask = 2147483647;
			files = (
				80AFE4F6188938400037353B /* InfoPlist.strings in Resources */,
			);
			runOnlyForDeploymentPostprocessing = 0;
		};
/* End PBXResourcesBuildPhase section */

/* Begin PBXSourcesBuildPhase section */
		80AFE4CB188938400037353B /* Sources */ = {
			isa = PBXSourcesBuildPhase;
			buildActionMask = 2147483647;
			files = (
				80AFE4E3188938400037353B /* lbAppDelegate.m in Sources */,
				80AFE4DF188938400037353B /* main.m in Sources */,
			);
			runOnlyForDeploymentPostprocessing = 0;
		};
		80AFE4E6188938400037353B /* Sources */ = {
			isa = PBXSourcesBuildPhase;
			buildActionMask = 2147483647;
			files = (
				80AFE4F8188938400037353B /* wangyiNesTests.m in Sources */,
			);
			runOnlyForDeploymentPostprocessing = 0;
		};
/* End PBXSourcesBuildPhase section */

/* Begin PBXTargetDependency section */
		80AFE4F0188938400037353B /* PBXTargetDependency */ = {
			isa = PBXTargetDependency;
			target = 80AFE4CE188938400037353B /* wangyiNes */;
			targetProxy = 80AFE4EF188938400037353B /* PBXContainerItemProxy */;
		};
/* End PBXTargetDependency section */

/* Begin PBXVariantGroup section */
		80AFE4DB188938400037353B /* InfoPlist.strings */ = {
			isa = PBXVariantGroup;
			children = (
				80AFE4DC188938400037353B /* en */,
			);
			name = InfoPlist.strings;
			sourceTree = "<group>";
		};
		80AFE4F4188938400037353B /* InfoPlist.strings */ = {
			isa = PBXVariantGroup;
			children = (
				80AFE4F5188938400037353B /* en */,
			);
			name = InfoPlist.strings;
			sourceTree = "<group>";
		};
/* End PBXVariantGroup section */

/* Begin XCBuildConfiguration section */
		80AFE4F9188938400037353B /* Debug */ = {
			isa = XCBuildConfiguration;
			buildSettings = {
				ALWAYS_SEARCH_USER_PATHS = NO;
				ARCHS = "$(ARCHS_STANDARD_INCLUDING_64_BIT)";
				CLANG_CXX_LANGUAGE_STANDARD = "gnu++0x";
				CLANG_CXX_LIBRARY = "libc++";
				CLANG_ENABLE_MODULES = YES;
				CLANG_ENABLE_OBJC_ARC = YES;
				CLANG_WARN_BOOL_CONVERSION = YES;
				CLANG_WARN_CONSTANT_CONVERSION = YES;
				CLANG_WARN_DIRECT_OBJC_ISA_USAGE = YES_ERROR;
				CLANG_WARN_EMPTY_BODY = YES;
				CLANG_WARN_ENUM_CONVERSION = YES;
				CLANG_WARN_INT_CONVERSION = YES;
				CLANG_WARN_OBJC_ROOT_CLASS = YES_ERROR;
				CLANG_WARN__DUPLICATE_METHOD_MATCH = YES;
				"CODE_SIGN_IDENTITY[sdk=iphoneos*]" = "iPhone Developer";
				COPY_PHASE_STRIP = NO;
				GCC_C_LANGUAGE_STANDARD = gnu99;
				GCC_DYNAMIC_NO_PIC = NO;
				GCC_OPTIMIZATION_LEVEL = 0;
				GCC_PREPROCESSOR_DEFINITIONS = (
					"DEBUG=1",
					"$(inherited)",
				);
				GCC_SYMBOLS_PRIVATE_EXTERN = NO;
				GCC_WARN_64_TO_32_BIT_CONVERSION = YES;
				GCC_WARN_ABOUT_RETURN_TYPE = YES_ERROR;
				GCC_WARN_UNDECLARED_SELECTOR = YES;
				GCC_WARN_UNINITIALIZED_AUTOS = YES;
				GCC_WARN_UNUSED_FUNCTION = YES;
				GCC_WARN_UNUSED_VARIABLE = YES;
				IPHONEOS_DEPLOYMENT_TARGET = 7.0;
				ONLY_ACTIVE_ARCH = YES;
				SDKROOT = iphoneos;
			};
			name = Debug;
		};
		80AFE4FA188938400037353B /* Release */ = {
			isa = XCBuildConfiguration;
			buildSettings = {
				ALWAYS_SEARCH_USER_PATHS = NO;
				ARCHS = "$(ARCHS_STANDARD_INCLUDING_64_BIT)";
				CLANG_CXX_LANGUAGE_STANDARD = "gnu++0x";
				CLANG_CXX_LIBRARY = "libc++";
				CLANG_ENABLE_MODULES = YES;
				CLANG_ENABLE_OBJC_ARC = YES;
				CLANG_WARN_BOOL_CONVERSION = YES;
				CLANG_WARN_CONSTANT_CONVERSION = YES;
				CLANG_WARN_DIRECT_OBJC_ISA_USAGE = YES_ERROR;
				CLANG_WARN_EMPTY_BODY = YES;
				CLANG_WARN_ENUM_CONVERSION = YES;
				CLANG_WARN_INT_CONVERSION = YES;
				CLANG_WARN_OBJC_ROOT_CLASS = YES_ERROR;
				CLANG_WARN__DUPLICATE_METHOD_MATCH = YES;
				"CODE_SIGN_IDENTITY[sdk=iphoneos*]" = "iPhone Developer";
				COPY_PHASE_STRIP = YES;
				ENABLE_NS_ASSERTIONS = NO;
				GCC_C_LANGUAGE_STANDARD = gnu99;
				GCC_WARN_64_TO_32_BIT_CONVERSION = YES;
				GCC_WARN_ABOUT_RETURN_TYPE = YES_ERROR;
				GCC_WARN_UNDECLARED_SELECTOR = YES;
				GCC_WARN_UNINITIALIZED_AUTOS = YES;
				GCC_WARN_UNUSED_FUNCTION = YES;
				GCC_WARN_UNUSED_VARIABLE = YES;
				IPHONEOS_DEPLOYMENT_TARGET = 7.0;
				SDKROOT = iphoneos;
				VALIDATE_PRODUCT = YES;
			};
			name = Release;
		};
		80AFE4FC188938400037353B /* Debug */ = {
			isa = XCBuildConfiguration;
			buildSettings = {
				ASSETCATALOG_COMPILER_APPICON_NAME = AppIcon;
				ASSETCATALOG_COMPILER_LAUNCHIMAGE_NAME = LaunchImage;
				GCC_PRECOMPILE_PREFIX_HEADER = YES;
				GCC_PREFIX_HEADER = "wangyiNes/wangyiNes-Prefix.pch";
				INFOPLIST_FILE = "wangyiNes/wangyiNes-Info.plist";
				PRODUCT_NAME = "$(TARGET_NAME)";
				WRAPPER_EXTENSION = app;
			};
			name = Debug;
		};
		80AFE4FD188938400037353B /* Release */ = {
			isa = XCBuildConfiguration;
			buildSettings = {
				ASSETCATALOG_COMPILER_APPICON_NAME = AppIcon;
				ASSETCATALOG_COMPILER_LAUNCHIMAGE_NAME = LaunchImage;
				GCC_PRECOMPILE_PREFIX_HEADER = YES;
				GCC_PREFIX_HEADER = "wangyiNes/wangyiNes-Prefix.pch";
				INFOPLIST_FILE = "wangyiNes/wangyiNes-Info.plist";
				PRODUCT_NAME = "$(TARGET_NAME)";
				WRAPPER_EXTENSION = app;
			};
			name = Release;
		};
		80AFE4FF188938400037353B /* Debug */ = {
			isa = XCBuildConfiguration;
			buildSettings = {
				ARCHS = "$(ARCHS_STANDARD_INCLUDING_64_BIT)";
				BUNDLE_LOADER = "$(BUILT_PRODUCTS_DIR)/wangyiNes.app/wangyiNes";
				FRAMEWORK_SEARCH_PATHS = (
					"$(SDKROOT)/Developer/Library/Frameworks",
					"$(inherited)",
					"$(DEVELOPER_FRAMEWORKS_DIR)",
				);
				GCC_PRECOMPILE_PREFIX_HEADER = YES;
				GCC_PREFIX_HEADER = "wangyiNes/wangyiNes-Prefix.pch";
				GCC_PREPROCESSOR_DEFINITIONS = (
					"DEBUG=1",
					"$(inherited)",
				);
				INFOPLIST_FILE = "wangyiNesTests/wangyiNesTests-Info.plist";
				PRODUCT_NAME = "$(TARGET_NAME)";
				TEST_HOST = "$(BUNDLE_LOADER)";
				WRAPPER_EXTENSION = xctest;
			};
			name = Debug;
		};
		80AFE500188938400037353B /* Release */ = {
			isa = XCBuildConfiguration;
			buildSettings = {
				ARCHS = "$(ARCHS_STANDARD_INCLUDING_64_BIT)";
				BUNDLE_LOADER = "$(BUILT_PRODUCTS_DIR)/wangyiNes.app/wangyiNes";
				FRAMEWORK_SEARCH_PATHS = (
					"$(SDKROOT)/Developer/Library/Frameworks",
					"$(inherited)",
					"$(DEVELOPER_FRAMEWORKS_DIR)",
				);
				GCC_PRECOMPILE_PREFIX_HEADER = YES;
				GCC_PREFIX_HEADER = "wangyiNes/wangyiNes-Prefix.pch";
				INFOPLIST_FILE = "wangyiNesTests/wangyiNesTests-Info.plist";
				PRODUCT_NAME = "$(TARGET_NAME)";
				TEST_HOST = "$(BUNDLE_LOADER)";
				WRAPPER_EXTENSION = xctest;
			};
			name = Release;
		};
/* End XCBuildConfiguration section */

/* Begin XCConfigurationList section */
		80AFE4CA188938400037353B /* Build configuration list for PBXProject "wangyiNes" */ = {
			isa = XCConfigurationList;
			buildConfigurations = (
				80AFE4F9188938400037353B /* Debug */,
				80AFE4FA188938400037353B /* Release */,
			);
			defaultConfigurationIsVisible = 0;
			defaultConfigurationName = Release;
		};
		80AFE4FB188938400037353B /* Build configuration list for PBXNativeTarget "wangyiNes" */ = {
			isa = XCConfigurationList;
			buildConfigurations = (
				80AFE4FC188938400037353B /* Debug */,
				80AFE4FD188938400037353B /* Release */,
			);
			defaultConfigurationIsVisible = 0;
		};
		80AFE4FE188938400037353B /* Build configuration list for PBXNativeTarget "wangyiNesTests" */ = {
			isa = XCConfigurationList;
			buildConfigurations = (
				80AFE4FF188938400037353B /* Debug */,
				80AFE500188938400037353B /* Release */,
			);
			defaultConfigurationIsVisible = 0;
		};
/* End XCConfigurationList section */
	};
	rootObject = 80AFE4C7188938400037353B /* Project object */;
}
